
Microsoft Visual Studio Solution File, Format Version 12.00
# Visual Studio 14
VisualStudioVersion = 14.0.24720.0
MinimumVisualStudioVersion = 10.0.40219.1
Project("{FAE04EC0-301F-11D3-BF4B-00C04F79EFBC}") = "NotificationHubsWebJob", "NotificationHubsWebJob\NotificationHubsWebJob.csproj", "{B9FE864A-527A-4015-A638-2D8FDE11025B}"
EndProject
Project("{FAE04EC0-301F-11D3-BF4B-00C04F79EFBC}") = "UniversalClientApp", "UniversalClientApp\UniversalClientApp.csproj", "{0FAE86C2-E67A-4AE0-85AC-4AA80CBC2FBC}"
EndProject
Global
	GlobalSection(SolutionConfigurationPlatforms) = preSolution
		Debug|Any CPU = Debug|Any CPU
		Debug|ARM = Debug|ARM
		Debug|x64 = Debug|x64
		Debug|x86 = Debug|x86
		Release|Any CPU = Release|Any CPU
		Release|ARM = Release|ARM
		Release|x64 = Release|x64
		Release|x86 = Release|x86
	EndGlobalSection
	GlobalSection(ProjectConfigurationPlatforms) = postSolution
		{B9FE864A-527A-4015-A638-2D8FDE11025B}.Debug|Any CPU.ActiveCfg = Debug|Any CPU
		{B9FE864A-527A-4015-A638-2D8FDE11025B}.Debug|Any CPU.Build.0 = Debug|Any CPU
		{B9FE864A-527A-4015-A638-2D8FDE11025B}.Debug|ARM.ActiveCfg = Debug|Any CPU
		{B9FE864A-527A-4015-A638-2D8FDE11025B}.Debug|ARM.Build.0 = Debug|Any CPU
		{B9FE864A-527A-4015-A638-2D8FDE11025B}.Debug|x64.ActiveCfg = Debug|Any CPU
		{B9FE864A-527A-4015-A638-2D8FDE11025B}.Debug|x64.Build.0 = Debug|Any CPU
		{B9FE864A-527A-4015-A638-2D8FDE11025B}.Debug|x86.ActiveCfg = Debug|Any CPU
		{B9FE864A-527A-4015-A638-2D8FDE11025B}.Debug|x86.Build.0 = Debug|Any CPU
		{B9FE864A-527A-4015-A638-2D8FDE11025B}.Release|Any CPU.ActiveCfg = Release|Any CPU
		{B9FE864A-527A-4015-A638-2D8FDE11025B}.Release|Any CPU.Build.0 = Release|Any CPU
		{B9FE864A-527A-4015-A638-2D8FDE11025B}.Release|ARM.ActiveCfg = Release|Any CPU
		{B9FE864A-527A-4015-A638-2D8FDE11025B}.Release|ARM.Build.0 = Release|Any CPU
		{B9FE864A-527A-4015-A638-2D8FDE11025B}.Release|x64.ActiveCfg = Release|Any CPU
		{B9FE864A-527A-4015-A638-2D8FDE11025B}.Release|x64.Build.0 = Release|Any CPU
		{B9FE864A-527A-4015-A638-2D8FDE11025B}.Release|x86.ActiveCfg = Release|Any CPU
		{B9FE864A-527A-4015-A638-2D8FDE11025B}.Release|x86.Build.0 = Release|Any CPU
		{0FAE86C2-E67A-4AE0-85AC-4AA80CBC2FBC}.Debug|Any CPU.ActiveCfg = Debug|x86
		{0FAE86C2-E67A-4AE0-85AC-4AA80CBC2FBC}.Debug|ARM.ActiveCfg = Debug|ARM
		{0FAE86C2-E67A-4AE0-85AC-4AA80CBC2FBC}.Debug|ARM.Build.0 = Debug|ARM
		{0FAE86C2-E67A-4AE0-85AC-4AA80CBC2FBC}.Debug|ARM.Deploy.0 = Debug|ARM
		{0FAE86C2-E67A-4AE0-85AC-4AA80CBC2FBC}.Debug|x64.ActiveCfg = Debug|x64
		{0FAE86C2-E67A-4AE0-85AC-4AA80CBC2FBC}.Debug|x64.Build.0 = Debug|x64
		{0FAE86C2-E67A-4AE0-85AC-4AA80CBC2FBC}.Debug|x64.Deploy.0 = Debug|x64
		{0FAE86C2-E67A-4AE0-85AC-4AA80CBC2FBC}.Debug|x86.ActiveCfg = Debug|x86
		{0FAE86C2-E67A-4AE0-85AC-4AA80CBC2FBC}.Debug|x86.Build.0 = Debug|x86
		{0FAE86C2-E67A-4AE0-85AC-4AA80CBC2FBC}.Debug|x86.Deploy.0 = Debug|x86
		{0FAE86C2-E67A-4AE0-85AC-4AA80CBC2FBC}.Release|Any CPU.ActiveCfg = Release|x86
		{0FAE86C2-E67A-4AE0-85AC-4AA80CBC2FBC}.Release|ARM.ActiveCfg = Release|ARM
		{0FAE86C2-E67A-4AE0-85AC-4AA80CBC2FBC}.Release|ARM.Build.0 = Release|ARM
		{0FAE86C2-E67A-4AE0-85AC-4AA80CBC2FBC}.Release|ARM.Deploy.0 = Release|ARM
		{0FAE86C2-E67A-4AE0-85AC-4AA80CBC2FBC}.Release|x64.ActiveCfg = Release|x64
		{0FAE86C2-E67A-4AE0-85AC-4AA80CBC2FBC}.Release|x64.Build.0 = Release|x64
		{0FAE86C2-E67A-4AE0-85AC-4AA80CBC2FBC}.Release|x64.Deploy.0 = Release|x64
		{0FAE86C2-E67A-4AE0-85AC-4AA80CBC2FBC}.Release|x86.ActiveCfg = Release|x86
		{0FAE86C2-E67A-4AE0-85AC-4AA80CBC2FBC}.Release|x86.Build.0 = Release|x86
		{0FAE86C2-E67A-4AE0-85AC-4AA80CBC2FBC}.Release|x86.Deploy.0 = Release|x86
	EndGlobalSection
	GlobalSection(SolutionProperties) = preSolution
		HideSolutionNode = FALSE
	EndGlobalSection
EndGlobal
